PODS:
  - AXKit (0.3.11)
  - CocoaAsyncSocket (7.6.3)

DEPENDENCIES:
  - AXKit (= 0.3.11)
  - CocoaAsyncSocket

SPEC REPOS:
  trunk:
    - AXKit
    - CocoaAsyncSocket

SPEC CHECKSUMS:
  AXKit: 0125a56417185e07d41136463e12bd1c598eeb42
  CocoaAsyncSocket: eafaa68a7e0ec99ead0a7b35015e0bf25d2c8987

PODFILE CHECKSUM: 59182808edb7de3c1783ebf09d0df310f0952998

COCOAPODS: 1.9.3
